
Microsoft Visual Studio Solution File, Format Version 12.00
# Visual Studio 14
VisualStudioVersion = 14.0.25123.0
MinimumVisualStudioVersion = 10.0.40219.1
Project("{FAE04EC0-301F-11D3-BF4B-00C04F79EFBC}") = "01. Fill the matrix", "01. Fill the matrix\01. Fill the matrix.csproj", "{7C2CDCC5-8DCF-4465-BA2C-41960C1D09A8}"
EndProject
Project("{FAE04EC0-301F-11D3-BF4B-00C04F79EFBC}") = "02. Maximal sum", "02. Maximal sum\02. Maximal sum.csproj", "{3E6EBCF1-6986-4C2D-A842-9658EEE1C4BC}"
EndProject
Project("{FAE04EC0-301F-11D3-BF4B-00C04F79EFBC}") = "03. Sequence in matrix", "03. Sequence in matrix\03. Sequence in matrix.csproj", "{8C2E3F3B-153C-4106-8865-E0BAC35CCA36}"
EndProject
Global
	GlobalSection(SolutionConfigurationPlatforms) = preSolution
		Debug|Any CPU = Debug|Any CPU
		Release|Any CPU = Release|Any CPU
	EndGlobalSection
	GlobalSection(ProjectConfigurationPlatforms) = postSolution
		{7C2CDCC5-8DCF-4465-BA2C-41960C1D09A8}.Debug|Any CPU.ActiveCfg = Debug|Any CPU
		{7C2CDCC5-8DCF-4465-BA2C-41960C1D09A8}.Debug|Any CPU.Build.0 = Debug|Any CPU
		{7C2CDCC5-8DCF-4465-BA2C-41960C1D09A8}.Release|Any CPU.ActiveCfg = Release|Any CPU
		{7C2CDCC5-8DCF-4465-BA2C-41960C1D09A8}.Release|Any CPU.Build.0 = Release|Any CPU
		{3E6EBCF1-6986-4C2D-A842-9658EEE1C4BC}.Debug|Any CPU.ActiveCfg = Debug|Any CPU
		{3E6EBCF1-6986-4C2D-A842-9658EEE1C4BC}.Debug|Any CPU.Build.0 = Debug|Any CPU
		{3E6EBCF1-6986-4C2D-A842-9658EEE1C4BC}.Release|Any CPU.ActiveCfg = Release|Any CPU
		{3E6EBCF1-6986-4C2D-A842-9658EEE1C4BC}.Release|Any CPU.Build.0 = Release|Any CPU
		{8C2E3F3B-153C-4106-8865-E0BAC35CCA36}.Debug|Any CPU.ActiveCfg = Debug|Any CPU
		{8C2E3F3B-153C-4106-8865-E0BAC35CCA36}.Debug|Any CPU.Build.0 = Debug|Any CPU
		{8C2E3F3B-153C-4106-8865-E0BAC35CCA36}.Release|Any CPU.ActiveCfg = Release|Any CPU
		{8C2E3F3B-153C-4106-8865-E0BAC35CCA36}.Release|Any CPU.Build.0 = Release|Any CPU
	EndGlobalSection
	GlobalSection(SolutionProperties) = preSolution
		HideSolutionNode = FALSE
	EndGlobalSection
EndGlobal
