
Microsoft Visual Studio Solution File, Format Version 12.00
# Visual Studio 14
VisualStudioVersion = 14.0.25123.0
MinimumVisualStudioVersion = 10.0.40219.1
Project("{FAE04EC0-301F-11D3-BF4B-00C04F79EFBC}") = "01. Allocate array", "01. Allocate array\01. Allocate array.csproj", "{D81C14DB-F3D6-40CE-8A01-73F3C0693A02}"
EndProject
Project("{FAE04EC0-301F-11D3-BF4B-00C04F79EFBC}") = "02. Compare arrays", "02. Compare arrays\02. Compare arrays.csproj", "{4A45A4D7-F175-48F6-AA8E-1EBD8BE13F95}"
EndProject
Project("{FAE04EC0-301F-11D3-BF4B-00C04F79EFBC}") = "04. Maximal sequence", "04. Maximal sequence\04. Maximal sequence.csproj", "{3DD86259-6D6A-47B2-8EB3-D3DD9409E3C7}"
EndProject
Project("{FAE04EC0-301F-11D3-BF4B-00C04F79EFBC}") = "03. Compare char arrays", "03. Compare char arrays\03. Compare char arrays.csproj", "{0FC3699E-7EE0-4120-8A56-938DF1CFFBF1}"
EndProject
Project("{FAE04EC0-301F-11D3-BF4B-00C04F79EFBC}") = "05. Maximal increasing sequence", "05. Maximal increasing sequence\05. Maximal increasing sequence.csproj", "{F8B28511-28E8-4F69-9894-EC471C436D3F}"
EndProject
Project("{FAE04EC0-301F-11D3-BF4B-00C04F79EFBC}") = "06. Maximal K sum", "06. Maximal K sum\06. Maximal K sum.csproj", "{D0046828-9D11-4078-8F47-4076C0B057F2}"
EndProject
Project("{FAE04EC0-301F-11D3-BF4B-00C04F79EFBC}") = "07. Selection sort", "07. Selection sort\07. Selection sort.csproj", "{FE02AD46-20A5-4843-A50E-E81AB4068017}"
EndProject
Project("{FAE04EC0-301F-11D3-BF4B-00C04F79EFBC}") = "08. Maximal sum", "08. Maximal sum\08. Maximal sum.csproj", "{0EFB0D85-1FAE-4740-A53F-A17A894E9D72}"
EndProject
Project("{FAE04EC0-301F-11D3-BF4B-00C04F79EFBC}") = "09. Frequent number", "09. Frequent number\09. Frequent number.csproj", "{E98B2850-4467-4593-9DB4-18825A7D073C}"
EndProject
Project("{FAE04EC0-301F-11D3-BF4B-00C04F79EFBC}") = "10. Find sum in array", "10. Find sum in array\10. Find sum in array.csproj", "{047F66E7-664B-4C02-8E5B-B308D8149DE9}"
EndProject
Project("{FAE04EC0-301F-11D3-BF4B-00C04F79EFBC}") = "11. Binary search", "11. Binary search\11. Binary search.csproj", "{77C8A813-48E2-4251-9288-74ECEE02DE23}"
EndProject
Project("{FAE04EC0-301F-11D3-BF4B-00C04F79EFBC}") = "12. Index of letters", "12. Index of letters\12. Index of letters.csproj", "{0FF57E82-2085-4BCF-AC35-6EB69348C3C6}"
EndProject
Project("{FAE04EC0-301F-11D3-BF4B-00C04F79EFBC}") = "13. Merge sort", "13. Merge sort\13. Merge sort.csproj", "{00CFE08A-AB99-4A83-9922-3540A75E7B5E}"
EndProject
Project("{FAE04EC0-301F-11D3-BF4B-00C04F79EFBC}") = "14. Quick sort", "14. Quick sort\14. Quick sort.csproj", "{C2112D99-9185-4141-96AE-40E3F66E00F5}"
EndProject
Project("{FAE04EC0-301F-11D3-BF4B-00C04F79EFBC}") = "13. Merge sort(2)", "13. Merge sort(2)\13. Merge sort(2).csproj", "{E77C7667-2DA3-489D-BB1C-1C832BD7CB2F}"
EndProject
Project("{FAE04EC0-301F-11D3-BF4B-00C04F79EFBC}") = "15. Prime numbers", "15. Prime numbers\15. Prime numbers.csproj", "{A5B05E75-ADF9-4D1C-8974-AD08FEA79D2D}"
EndProject
Global
	GlobalSection(SolutionConfigurationPlatforms) = preSolution
		Debug|Any CPU = Debug|Any CPU
		Release|Any CPU = Release|Any CPU
	EndGlobalSection
	GlobalSection(ProjectConfigurationPlatforms) = postSolution
		{D81C14DB-F3D6-40CE-8A01-73F3C0693A02}.Debug|Any CPU.ActiveCfg = Debug|Any CPU
		{D81C14DB-F3D6-40CE-8A01-73F3C0693A02}.Debug|Any CPU.Build.0 = Debug|Any CPU
		{D81C14DB-F3D6-40CE-8A01-73F3C0693A02}.Release|Any CPU.ActiveCfg = Release|Any CPU
		{D81C14DB-F3D6-40CE-8A01-73F3C0693A02}.Release|Any CPU.Build.0 = Release|Any CPU
		{4A45A4D7-F175-48F6-AA8E-1EBD8BE13F95}.Debug|Any CPU.ActiveCfg = Debug|Any CPU
		{4A45A4D7-F175-48F6-AA8E-1EBD8BE13F95}.Debug|Any CPU.Build.0 = Debug|Any CPU
		{4A45A4D7-F175-48F6-AA8E-1EBD8BE13F95}.Release|Any CPU.ActiveCfg = Release|Any CPU
		{4A45A4D7-F175-48F6-AA8E-1EBD8BE13F95}.Release|Any CPU.Build.0 = Release|Any CPU
		{3DD86259-6D6A-47B2-8EB3-D3DD9409E3C7}.Debug|Any CPU.ActiveCfg = Debug|Any CPU
		{3DD86259-6D6A-47B2-8EB3-D3DD9409E3C7}.Debug|Any CPU.Build.0 = Debug|Any CPU
		{3DD86259-6D6A-47B2-8EB3-D3DD9409E3C7}.Release|Any CPU.ActiveCfg = Release|Any CPU
		{3DD86259-6D6A-47B2-8EB3-D3DD9409E3C7}.Release|Any CPU.Build.0 = Release|Any CPU
		{0FC3699E-7EE0-4120-8A56-938DF1CFFBF1}.Debug|Any CPU.ActiveCfg = Debug|Any CPU
		{0FC3699E-7EE0-4120-8A56-938DF1CFFBF1}.Debug|Any CPU.Build.0 = Debug|Any CPU
		{0FC3699E-7EE0-4120-8A56-938DF1CFFBF1}.Release|Any CPU.ActiveCfg = Release|Any CPU
		{0FC3699E-7EE0-4120-8A56-938DF1CFFBF1}.Release|Any CPU.Build.0 = Release|Any CPU
		{F8B28511-28E8-4F69-9894-EC471C436D3F}.Debug|Any CPU.ActiveCfg = Debug|Any CPU
		{F8B28511-28E8-4F69-9894-EC471C436D3F}.Debug|Any CPU.Build.0 = Debug|Any CPU
		{F8B28511-28E8-4F69-9894-EC471C436D3F}.Release|Any CPU.ActiveCfg = Release|Any CPU
		{F8B28511-28E8-4F69-9894-EC471C436D3F}.Release|Any CPU.Build.0 = Release|Any CPU
		{D0046828-9D11-4078-8F47-4076C0B057F2}.Debug|Any CPU.ActiveCfg = Debug|Any CPU
		{D0046828-9D11-4078-8F47-4076C0B057F2}.Debug|Any CPU.Build.0 = Debug|Any CPU
		{D0046828-9D11-4078-8F47-4076C0B057F2}.Release|Any CPU.ActiveCfg = Release|Any CPU
		{D0046828-9D11-4078-8F47-4076C0B057F2}.Release|Any CPU.Build.0 = Release|Any CPU
		{FE02AD46-20A5-4843-A50E-E81AB4068017}.Debug|Any CPU.ActiveCfg = Debug|Any CPU
		{FE02AD46-20A5-4843-A50E-E81AB4068017}.Debug|Any CPU.Build.0 = Debug|Any CPU
		{FE02AD46-20A5-4843-A50E-E81AB4068017}.Release|Any CPU.ActiveCfg = Release|Any CPU
		{FE02AD46-20A5-4843-A50E-E81AB4068017}.Release|Any CPU.Build.0 = Release|Any CPU
		{0EFB0D85-1FAE-4740-A53F-A17A894E9D72}.Debug|Any CPU.ActiveCfg = Debug|Any CPU
		{0EFB0D85-1FAE-4740-A53F-A17A894E9D72}.Debug|Any CPU.Build.0 = Debug|Any CPU
		{0EFB0D85-1FAE-4740-A53F-A17A894E9D72}.Release|Any CPU.ActiveCfg = Release|Any CPU
		{0EFB0D85-1FAE-4740-A53F-A17A894E9D72}.Release|Any CPU.Build.0 = Release|Any CPU
		{E98B2850-4467-4593-9DB4-18825A7D073C}.Debug|Any CPU.ActiveCfg = Debug|Any CPU
		{E98B2850-4467-4593-9DB4-18825A7D073C}.Debug|Any CPU.Build.0 = Debug|Any CPU
		{E98B2850-4467-4593-9DB4-18825A7D073C}.Release|Any CPU.ActiveCfg = Release|Any CPU
		{E98B2850-4467-4593-9DB4-18825A7D073C}.Release|Any CPU.Build.0 = Release|Any CPU
		{047F66E7-664B-4C02-8E5B-B308D8149DE9}.Debug|Any CPU.ActiveCfg = Debug|Any CPU
		{047F66E7-664B-4C02-8E5B-B308D8149DE9}.Debug|Any CPU.Build.0 = Debug|Any CPU
		{047F66E7-664B-4C02-8E5B-B308D8149DE9}.Release|Any CPU.ActiveCfg = Release|Any CPU
		{047F66E7-664B-4C02-8E5B-B308D8149DE9}.Release|Any CPU.Build.0 = Release|Any CPU
		{77C8A813-48E2-4251-9288-74ECEE02DE23}.Debug|Any CPU.ActiveCfg = Debug|Any CPU
		{77C8A813-48E2-4251-9288-74ECEE02DE23}.Debug|Any CPU.Build.0 = Debug|Any CPU
		{77C8A813-48E2-4251-9288-74ECEE02DE23}.Release|Any CPU.ActiveCfg = Release|Any CPU
		{77C8A813-48E2-4251-9288-74ECEE02DE23}.Release|Any CPU.Build.0 = Release|Any CPU
		{0FF57E82-2085-4BCF-AC35-6EB69348C3C6}.Debug|Any CPU.ActiveCfg = Debug|Any CPU
		{0FF57E82-2085-4BCF-AC35-6EB69348C3C6}.Debug|Any CPU.Build.0 = Debug|Any CPU
		{0FF57E82-2085-4BCF-AC35-6EB69348C3C6}.Release|Any CPU.ActiveCfg = Release|Any CPU
		{0FF57E82-2085-4BCF-AC35-6EB69348C3C6}.Release|Any CPU.Build.0 = Release|Any CPU
		{00CFE08A-AB99-4A83-9922-3540A75E7B5E}.Debug|Any CPU.ActiveCfg = Debug|Any CPU
		{00CFE08A-AB99-4A83-9922-3540A75E7B5E}.Debug|Any CPU.Build.0 = Debug|Any CPU
		{00CFE08A-AB99-4A83-9922-3540A75E7B5E}.Release|Any CPU.ActiveCfg = Release|Any CPU
		{00CFE08A-AB99-4A83-9922-3540A75E7B5E}.Release|Any CPU.Build.0 = Release|Any CPU
		{C2112D99-9185-4141-96AE-40E3F66E00F5}.Debug|Any CPU.ActiveCfg = Debug|Any CPU
		{C2112D99-9185-4141-96AE-40E3F66E00F5}.Debug|Any CPU.Build.0 = Debug|Any CPU
		{C2112D99-9185-4141-96AE-40E3F66E00F5}.Release|Any CPU.ActiveCfg = Release|Any CPU
		{C2112D99-9185-4141-96AE-40E3F66E00F5}.Release|Any CPU.Build.0 = Release|Any CPU
		{E77C7667-2DA3-489D-BB1C-1C832BD7CB2F}.Debug|Any CPU.ActiveCfg = Debug|Any CPU
		{E77C7667-2DA3-489D-BB1C-1C832BD7CB2F}.Debug|Any CPU.Build.0 = Debug|Any CPU
		{E77C7667-2DA3-489D-BB1C-1C832BD7CB2F}.Release|Any CPU.ActiveCfg = Release|Any CPU
		{E77C7667-2DA3-489D-BB1C-1C832BD7CB2F}.Release|Any CPU.Build.0 = Release|Any CPU
		{A5B05E75-ADF9-4D1C-8974-AD08FEA79D2D}.Debug|Any CPU.ActiveCfg = Debug|Any CPU
		{A5B05E75-ADF9-4D1C-8974-AD08FEA79D2D}.Debug|Any CPU.Build.0 = Debug|Any CPU
		{A5B05E75-ADF9-4D1C-8974-AD08FEA79D2D}.Release|Any CPU.ActiveCfg = Release|Any CPU
		{A5B05E75-ADF9-4D1C-8974-AD08FEA79D2D}.Release|Any CPU.Build.0 = Release|Any CPU
	EndGlobalSection
	GlobalSection(SolutionProperties) = preSolution
		HideSolutionNode = FALSE
	EndGlobalSection
EndGlobal
