
Microsoft Visual Studio Solution File, Format Version 12.00
# Visual Studio 14
VisualStudioVersion = 14.0.25123.0
MinimumVisualStudioVersion = 10.0.40219.1
Project("{FAE04EC0-301F-11D3-BF4B-00C04F79EFBC}") = "02. Reverse string", "02. Reverse string\02. Reverse string.csproj", "{7FD6F683-F370-4DC7-B83E-14EC3E051CD2}"
EndProject
Project("{FAE04EC0-301F-11D3-BF4B-00C04F79EFBC}") = "03. Correct brackets", "03. Correct brackets\03. Correct brackets.csproj", "{3A82692C-9ED3-46DF-9DC0-D85339D97520}"
EndProject
Project("{FAE04EC0-301F-11D3-BF4B-00C04F79EFBC}") = "04. Sub-string in text", "04. Sub-string in text\04. Sub-string in text.csproj", "{96D911A8-10B4-45DA-BD7F-D90668932EF3}"
EndProject
Project("{FAE04EC0-301F-11D3-BF4B-00C04F79EFBC}") = "05. Parse tags", "05. Parse tags\05. Parse tags.csproj", "{87E0979A-3C56-49B9-9605-F59F83D26601}"
EndProject
Project("{FAE04EC0-301F-11D3-BF4B-00C04F79EFBC}") = "06. String length", "06. String length\06. String length.csproj", "{17F051B5-77FC-43A6-BE35-8F15D67E04FC}"
EndProject
Project("{FAE04EC0-301F-11D3-BF4B-00C04F79EFBC}") = "08. Extract sentences", "08. Extract sentences\08. Extract sentences.csproj", "{9C7A2017-C78C-4AFC-B094-F8C5D201E48F}"
EndProject
Project("{FAE04EC0-301F-11D3-BF4B-00C04F79EFBC}") = "10. Unicode characters", "10. Unicode characters\10. Unicode characters.csproj", "{2F2B5D5C-7B83-43C4-BE9A-F88C425364DB}"
EndProject
Project("{FAE04EC0-301F-11D3-BF4B-00C04F79EFBC}") = "12. Parse URL", "12. Parse URL\12. Parse URL.csproj", "{37549982-3E75-43E3-8FA5-5D6D9278DE6E}"
EndProject
Project("{FAE04EC0-301F-11D3-BF4B-00C04F79EFBC}") = "15. Replace tags", "15. Replace tags\15. Replace tags.csproj", "{8495A3FE-3B93-4765-A9EB-F952AD8D3C39}"
EndProject
Project("{FAE04EC0-301F-11D3-BF4B-00C04F79EFBC}") = "23. Series of letters", "23. Series of letters\23. Series of letters.csproj", "{5EFDD23A-8EF2-482F-8C4E-613AF630D40A}"
EndProject
Global
	GlobalSection(SolutionConfigurationPlatforms) = preSolution
		Debug|Any CPU = Debug|Any CPU
		Release|Any CPU = Release|Any CPU
	EndGlobalSection
	GlobalSection(ProjectConfigurationPlatforms) = postSolution
		{7FD6F683-F370-4DC7-B83E-14EC3E051CD2}.Debug|Any CPU.ActiveCfg = Debug|Any CPU
		{7FD6F683-F370-4DC7-B83E-14EC3E051CD2}.Debug|Any CPU.Build.0 = Debug|Any CPU
		{7FD6F683-F370-4DC7-B83E-14EC3E051CD2}.Release|Any CPU.ActiveCfg = Release|Any CPU
		{7FD6F683-F370-4DC7-B83E-14EC3E051CD2}.Release|Any CPU.Build.0 = Release|Any CPU
		{3A82692C-9ED3-46DF-9DC0-D85339D97520}.Debug|Any CPU.ActiveCfg = Debug|Any CPU
		{3A82692C-9ED3-46DF-9DC0-D85339D97520}.Debug|Any CPU.Build.0 = Debug|Any CPU
		{3A82692C-9ED3-46DF-9DC0-D85339D97520}.Release|Any CPU.ActiveCfg = Release|Any CPU
		{3A82692C-9ED3-46DF-9DC0-D85339D97520}.Release|Any CPU.Build.0 = Release|Any CPU
		{96D911A8-10B4-45DA-BD7F-D90668932EF3}.Debug|Any CPU.ActiveCfg = Debug|Any CPU
		{96D911A8-10B4-45DA-BD7F-D90668932EF3}.Debug|Any CPU.Build.0 = Debug|Any CPU
		{96D911A8-10B4-45DA-BD7F-D90668932EF3}.Release|Any CPU.ActiveCfg = Release|Any CPU
		{96D911A8-10B4-45DA-BD7F-D90668932EF3}.Release|Any CPU.Build.0 = Release|Any CPU
		{87E0979A-3C56-49B9-9605-F59F83D26601}.Debug|Any CPU.ActiveCfg = Debug|Any CPU
		{87E0979A-3C56-49B9-9605-F59F83D26601}.Debug|Any CPU.Build.0 = Debug|Any CPU
		{87E0979A-3C56-49B9-9605-F59F83D26601}.Release|Any CPU.ActiveCfg = Release|Any CPU
		{87E0979A-3C56-49B9-9605-F59F83D26601}.Release|Any CPU.Build.0 = Release|Any CPU
		{17F051B5-77FC-43A6-BE35-8F15D67E04FC}.Debug|Any CPU.ActiveCfg = Debug|Any CPU
		{17F051B5-77FC-43A6-BE35-8F15D67E04FC}.Debug|Any CPU.Build.0 = Debug|Any CPU
		{17F051B5-77FC-43A6-BE35-8F15D67E04FC}.Release|Any CPU.ActiveCfg = Release|Any CPU
		{17F051B5-77FC-43A6-BE35-8F15D67E04FC}.Release|Any CPU.Build.0 = Release|Any CPU
		{9C7A2017-C78C-4AFC-B094-F8C5D201E48F}.Debug|Any CPU.ActiveCfg = Debug|Any CPU
		{9C7A2017-C78C-4AFC-B094-F8C5D201E48F}.Debug|Any CPU.Build.0 = Debug|Any CPU
		{9C7A2017-C78C-4AFC-B094-F8C5D201E48F}.Release|Any CPU.ActiveCfg = Release|Any CPU
		{9C7A2017-C78C-4AFC-B094-F8C5D201E48F}.Release|Any CPU.Build.0 = Release|Any CPU
		{2F2B5D5C-7B83-43C4-BE9A-F88C425364DB}.Debug|Any CPU.ActiveCfg = Debug|Any CPU
		{2F2B5D5C-7B83-43C4-BE9A-F88C425364DB}.Debug|Any CPU.Build.0 = Debug|Any CPU
		{2F2B5D5C-7B83-43C4-BE9A-F88C425364DB}.Release|Any CPU.ActiveCfg = Release|Any CPU
		{2F2B5D5C-7B83-43C4-BE9A-F88C425364DB}.Release|Any CPU.Build.0 = Release|Any CPU
		{37549982-3E75-43E3-8FA5-5D6D9278DE6E}.Debug|Any CPU.ActiveCfg = Debug|Any CPU
		{37549982-3E75-43E3-8FA5-5D6D9278DE6E}.Debug|Any CPU.Build.0 = Debug|Any CPU
		{37549982-3E75-43E3-8FA5-5D6D9278DE6E}.Release|Any CPU.ActiveCfg = Release|Any CPU
		{37549982-3E75-43E3-8FA5-5D6D9278DE6E}.Release|Any CPU.Build.0 = Release|Any CPU
		{8495A3FE-3B93-4765-A9EB-F952AD8D3C39}.Debug|Any CPU.ActiveCfg = Debug|Any CPU
		{8495A3FE-3B93-4765-A9EB-F952AD8D3C39}.Debug|Any CPU.Build.0 = Debug|Any CPU
		{8495A3FE-3B93-4765-A9EB-F952AD8D3C39}.Release|Any CPU.ActiveCfg = Release|Any CPU
		{8495A3FE-3B93-4765-A9EB-F952AD8D3C39}.Release|Any CPU.Build.0 = Release|Any CPU
		{5EFDD23A-8EF2-482F-8C4E-613AF630D40A}.Debug|Any CPU.ActiveCfg = Debug|Any CPU
		{5EFDD23A-8EF2-482F-8C4E-613AF630D40A}.Debug|Any CPU.Build.0 = Debug|Any CPU
		{5EFDD23A-8EF2-482F-8C4E-613AF630D40A}.Release|Any CPU.ActiveCfg = Release|Any CPU
		{5EFDD23A-8EF2-482F-8C4E-613AF630D40A}.Release|Any CPU.Build.0 = Release|Any CPU
	EndGlobalSection
	GlobalSection(SolutionProperties) = preSolution
		HideSolutionNode = FALSE
	EndGlobalSection
EndGlobal
