
Microsoft Visual Studio Solution File, Format Version 12.00
# Visual Studio 14
VisualStudioVersion = 14.0.25123.0
MinimumVisualStudioVersion = 10.0.40219.1
Project("{FAE04EC0-301F-11D3-BF4B-00C04F79EFBC}") = "01. Leap year", "01. Leap year\01. Leap year.csproj", "{DF08D093-BCFE-43E7-9F63-11C23D9A3BFE}"
EndProject
Project("{FAE04EC0-301F-11D3-BF4B-00C04F79EFBC}") = "02. Random numbers", "02. Random numbers\02. Random numbers.csproj", "{AC1A38AC-CAE3-4060-83B2-7B922FC044DC}"
EndProject
Project("{FAE04EC0-301F-11D3-BF4B-00C04F79EFBC}") = "03. Day of week", "03. Day of week\03. Day of week.csproj", "{5488E30F-AC18-4F2C-BF6D-8122D77FCBCC}"
EndProject
Project("{FAE04EC0-301F-11D3-BF4B-00C04F79EFBC}") = "04. Triangle surface by side and altitude", "04. Triangle surface by side and altitude\04. Triangle surface by side and altitude.csproj", "{D2BC6306-99E9-4279-8855-1F664354F0F0}"
EndProject
Global
	GlobalSection(SolutionConfigurationPlatforms) = preSolution
		Debug|Any CPU = Debug|Any CPU
		Release|Any CPU = Release|Any CPU
	EndGlobalSection
	GlobalSection(ProjectConfigurationPlatforms) = postSolution
		{DF08D093-BCFE-43E7-9F63-11C23D9A3BFE}.Debug|Any CPU.ActiveCfg = Debug|Any CPU
		{DF08D093-BCFE-43E7-9F63-11C23D9A3BFE}.Debug|Any CPU.Build.0 = Debug|Any CPU
		{DF08D093-BCFE-43E7-9F63-11C23D9A3BFE}.Release|Any CPU.ActiveCfg = Release|Any CPU
		{DF08D093-BCFE-43E7-9F63-11C23D9A3BFE}.Release|Any CPU.Build.0 = Release|Any CPU
		{AC1A38AC-CAE3-4060-83B2-7B922FC044DC}.Debug|Any CPU.ActiveCfg = Debug|Any CPU
		{AC1A38AC-CAE3-4060-83B2-7B922FC044DC}.Debug|Any CPU.Build.0 = Debug|Any CPU
		{AC1A38AC-CAE3-4060-83B2-7B922FC044DC}.Release|Any CPU.ActiveCfg = Release|Any CPU
		{AC1A38AC-CAE3-4060-83B2-7B922FC044DC}.Release|Any CPU.Build.0 = Release|Any CPU
		{5488E30F-AC18-4F2C-BF6D-8122D77FCBCC}.Debug|Any CPU.ActiveCfg = Debug|Any CPU
		{5488E30F-AC18-4F2C-BF6D-8122D77FCBCC}.Debug|Any CPU.Build.0 = Debug|Any CPU
		{5488E30F-AC18-4F2C-BF6D-8122D77FCBCC}.Release|Any CPU.ActiveCfg = Release|Any CPU
		{5488E30F-AC18-4F2C-BF6D-8122D77FCBCC}.Release|Any CPU.Build.0 = Release|Any CPU
		{D2BC6306-99E9-4279-8855-1F664354F0F0}.Debug|Any CPU.ActiveCfg = Debug|Any CPU
		{D2BC6306-99E9-4279-8855-1F664354F0F0}.Debug|Any CPU.Build.0 = Debug|Any CPU
		{D2BC6306-99E9-4279-8855-1F664354F0F0}.Release|Any CPU.ActiveCfg = Release|Any CPU
		{D2BC6306-99E9-4279-8855-1F664354F0F0}.Release|Any CPU.Build.0 = Release|Any CPU
	EndGlobalSection
	GlobalSection(SolutionProperties) = preSolution
		HideSolutionNode = FALSE
	EndGlobalSection
EndGlobal
