
Microsoft Visual Studio Solution File, Format Version 12.00
# Visual Studio 14
VisualStudioVersion = 14.0.25123.0
MinimumVisualStudioVersion = 10.0.40219.1
Project("{FAE04EC0-301F-11D3-BF4B-00C04F79EFBC}") = "01. Decimal to binary", "01. Decimal to binary\01. Decimal to binary.csproj", "{01B1367E-0CE5-48CC-B021-6DD095BFB3A5}"
EndProject
Project("{FAE04EC0-301F-11D3-BF4B-00C04F79EFBC}") = "02. Binary to decimal", "02. Binary to decimal\02. Binary to decimal.csproj", "{9491DBFA-186A-457B-8872-CDCDB6CDC491}"
EndProject
Project("{FAE04EC0-301F-11D3-BF4B-00C04F79EFBC}") = "03. Decimal to hexadecimal", "03. Decimal to hexadecimal\03. Decimal to hexadecimal.csproj", "{27AA38FD-0971-4F33-82AD-1E6FAFAFB865}"
EndProject
Project("{FAE04EC0-301F-11D3-BF4B-00C04F79EFBC}") = "04. Hexadecimal to decimal", "04. Hexadecimal to decimal\04. Hexadecimal to decimal.csproj", "{721D80AE-F273-48C2-983F-24A524BB329E}"
EndProject
Project("{FAE04EC0-301F-11D3-BF4B-00C04F79EFBC}") = "05. Hexadecimal to binary", "05. Hexadecimal to binary\05. Hexadecimal to binary.csproj", "{FA6C9A5D-7B7F-4831-A348-78520881AC2C}"
EndProject
Project("{FAE04EC0-301F-11D3-BF4B-00C04F79EFBC}") = "06. Binary to hexadecimal", "06. Binary to hexadecimal\06. Binary to hexadecimal.csproj", "{9DAE0A3A-AAF9-41D4-B5B6-13C43AD63E42}"
EndProject
Project("{FAE04EC0-301F-11D3-BF4B-00C04F79EFBC}") = "07. One system to any other", "07. One system to any other\07. One system to any other.csproj", "{D2EDD98D-E780-48DB-BEF9-0C1562E4730E}"
EndProject
Project("{FAE04EC0-301F-11D3-BF4B-00C04F79EFBC}") = "08. Binary short", "08. Binary short\08. Binary short.csproj", "{456B3B10-34C7-423F-AC9C-C4BF0EE632E8}"
EndProject
Global
	GlobalSection(SolutionConfigurationPlatforms) = preSolution
		Debug|Any CPU = Debug|Any CPU
		Release|Any CPU = Release|Any CPU
	EndGlobalSection
	GlobalSection(ProjectConfigurationPlatforms) = postSolution
		{01B1367E-0CE5-48CC-B021-6DD095BFB3A5}.Debug|Any CPU.ActiveCfg = Debug|Any CPU
		{01B1367E-0CE5-48CC-B021-6DD095BFB3A5}.Debug|Any CPU.Build.0 = Debug|Any CPU
		{01B1367E-0CE5-48CC-B021-6DD095BFB3A5}.Release|Any CPU.ActiveCfg = Release|Any CPU
		{01B1367E-0CE5-48CC-B021-6DD095BFB3A5}.Release|Any CPU.Build.0 = Release|Any CPU
		{9491DBFA-186A-457B-8872-CDCDB6CDC491}.Debug|Any CPU.ActiveCfg = Debug|Any CPU
		{9491DBFA-186A-457B-8872-CDCDB6CDC491}.Debug|Any CPU.Build.0 = Debug|Any CPU
		{9491DBFA-186A-457B-8872-CDCDB6CDC491}.Release|Any CPU.ActiveCfg = Release|Any CPU
		{9491DBFA-186A-457B-8872-CDCDB6CDC491}.Release|Any CPU.Build.0 = Release|Any CPU
		{27AA38FD-0971-4F33-82AD-1E6FAFAFB865}.Debug|Any CPU.ActiveCfg = Debug|Any CPU
		{27AA38FD-0971-4F33-82AD-1E6FAFAFB865}.Debug|Any CPU.Build.0 = Debug|Any CPU
		{27AA38FD-0971-4F33-82AD-1E6FAFAFB865}.Release|Any CPU.ActiveCfg = Release|Any CPU
		{27AA38FD-0971-4F33-82AD-1E6FAFAFB865}.Release|Any CPU.Build.0 = Release|Any CPU
		{721D80AE-F273-48C2-983F-24A524BB329E}.Debug|Any CPU.ActiveCfg = Debug|Any CPU
		{721D80AE-F273-48C2-983F-24A524BB329E}.Debug|Any CPU.Build.0 = Debug|Any CPU
		{721D80AE-F273-48C2-983F-24A524BB329E}.Release|Any CPU.ActiveCfg = Release|Any CPU
		{721D80AE-F273-48C2-983F-24A524BB329E}.Release|Any CPU.Build.0 = Release|Any CPU
		{FA6C9A5D-7B7F-4831-A348-78520881AC2C}.Debug|Any CPU.ActiveCfg = Debug|Any CPU
		{FA6C9A5D-7B7F-4831-A348-78520881AC2C}.Debug|Any CPU.Build.0 = Debug|Any CPU
		{FA6C9A5D-7B7F-4831-A348-78520881AC2C}.Release|Any CPU.ActiveCfg = Release|Any CPU
		{FA6C9A5D-7B7F-4831-A348-78520881AC2C}.Release|Any CPU.Build.0 = Release|Any CPU
		{9DAE0A3A-AAF9-41D4-B5B6-13C43AD63E42}.Debug|Any CPU.ActiveCfg = Debug|Any CPU
		{9DAE0A3A-AAF9-41D4-B5B6-13C43AD63E42}.Debug|Any CPU.Build.0 = Debug|Any CPU
		{9DAE0A3A-AAF9-41D4-B5B6-13C43AD63E42}.Release|Any CPU.ActiveCfg = Release|Any CPU
		{9DAE0A3A-AAF9-41D4-B5B6-13C43AD63E42}.Release|Any CPU.Build.0 = Release|Any CPU
		{D2EDD98D-E780-48DB-BEF9-0C1562E4730E}.Debug|Any CPU.ActiveCfg = Debug|Any CPU
		{D2EDD98D-E780-48DB-BEF9-0C1562E4730E}.Debug|Any CPU.Build.0 = Debug|Any CPU
		{D2EDD98D-E780-48DB-BEF9-0C1562E4730E}.Release|Any CPU.ActiveCfg = Release|Any CPU
		{D2EDD98D-E780-48DB-BEF9-0C1562E4730E}.Release|Any CPU.Build.0 = Release|Any CPU
		{456B3B10-34C7-423F-AC9C-C4BF0EE632E8}.Debug|Any CPU.ActiveCfg = Debug|Any CPU
		{456B3B10-34C7-423F-AC9C-C4BF0EE632E8}.Debug|Any CPU.Build.0 = Debug|Any CPU
		{456B3B10-34C7-423F-AC9C-C4BF0EE632E8}.Release|Any CPU.ActiveCfg = Release|Any CPU
		{456B3B10-34C7-423F-AC9C-C4BF0EE632E8}.Release|Any CPU.Build.0 = Release|Any CPU
	EndGlobalSection
	GlobalSection(SolutionProperties) = preSolution
		HideSolutionNode = FALSE
	EndGlobalSection
EndGlobal
