
Microsoft Visual Studio Solution File, Format Version 12.00
# Visual Studio 14
VisualStudioVersion = 14.0.25123.0
MinimumVisualStudioVersion = 10.0.40219.1
Project("{FAE04EC0-301F-11D3-BF4B-00C04F79EFBC}") = "01. Square root", "01. Square root\01. Square root.csproj", "{0684C743-CF44-4E21-A839-70727379821A}"
EndProject
Project("{FAE04EC0-301F-11D3-BF4B-00C04F79EFBC}") = "02. Enter numbers", "02. Enter numbers\02. Enter numbers.csproj", "{D1941BEF-01AF-4861-9CC9-CDB29402E6F0}"
EndProject
Global
	GlobalSection(SolutionConfigurationPlatforms) = preSolution
		Debug|Any CPU = Debug|Any CPU
		Release|Any CPU = Release|Any CPU
	EndGlobalSection
	GlobalSection(ProjectConfigurationPlatforms) = postSolution
		{0684C743-CF44-4E21-A839-70727379821A}.Debug|Any CPU.ActiveCfg = Debug|Any CPU
		{0684C743-CF44-4E21-A839-70727379821A}.Debug|Any CPU.Build.0 = Debug|Any CPU
		{0684C743-CF44-4E21-A839-70727379821A}.Release|Any CPU.ActiveCfg = Release|Any CPU
		{0684C743-CF44-4E21-A839-70727379821A}.Release|Any CPU.Build.0 = Release|Any CPU
		{D1941BEF-01AF-4861-9CC9-CDB29402E6F0}.Debug|Any CPU.ActiveCfg = Debug|Any CPU
		{D1941BEF-01AF-4861-9CC9-CDB29402E6F0}.Debug|Any CPU.Build.0 = Debug|Any CPU
		{D1941BEF-01AF-4861-9CC9-CDB29402E6F0}.Release|Any CPU.ActiveCfg = Release|Any CPU
		{D1941BEF-01AF-4861-9CC9-CDB29402E6F0}.Release|Any CPU.Build.0 = Release|Any CPU
	EndGlobalSection
	GlobalSection(SolutionProperties) = preSolution
		HideSolutionNode = FALSE
	EndGlobalSection
EndGlobal
